
Microsoft Visual Studio Solution File, Format Version 12.00
# Visual Studio 15
Project("{FAE04EC0-301F-11D3-BF4B-00C04F79EFBC}") = "PhotonRealtime", "PhotonRealtime.csproj", "{59337A49-A7C7-A0EB-CB5B-5A71449BDCE6}"
EndProject
Project("{FAE04EC0-301F-11D3-BF4B-00C04F79EFBC}") = "Assembly-CSharp", "Assembly-CSharp.csproj", "{EB53ED75-CFC0-EAB0-49A2-86CBA4EBEA4A}"
EndProject
Project("{FAE04EC0-301F-11D3-BF4B-00C04F79EFBC}") = "PhotonUnityNetworking", "PhotonUnityNetworking.csproj", "{A91FC09F-F1A9-8157-6CA4-215CD721DFA2}"
EndProject
Project("{FAE04EC0-301F-11D3-BF4B-00C04F79EFBC}") = "PhotonUnityNetworking.Utilities", "PhotonUnityNetworking.Utilities.csproj", "{3ABBE510-61AE-AC2D-7618-9CD6BE1AB66A}"
EndProject
Project("{FAE04EC0-301F-11D3-BF4B-00C04F79EFBC}") = "PhotonChat", "PhotonChat.csproj", "{D94B17DD-C95A-78B2-8363-E5D4DDA6A052}"
EndProject
Project("{FAE04EC0-301F-11D3-BF4B-00C04F79EFBC}") = "PhotonUnityNetworking.Editor", "PhotonUnityNetworking.Editor.csproj", "{19C644DF-12A1-5693-413D-0C4C0EDEE856}"
EndProject
Project("{FAE04EC0-301F-11D3-BF4B-00C04F79EFBC}") = "PhotonUnityNetworking.Utilities.PhotonPlayer.Editor", "PhotonUnityNetworking.Utilities.PhotonPlayer.Editor.csproj", "{3A58E496-0702-2EF4-B679-DC838CEDDEA7}"
EndProject
Project("{FAE04EC0-301F-11D3-BF4B-00C04F79EFBC}") = "PhotonUnityNetworking.Utilities.Culling.Editor", "PhotonUnityNetworking.Utilities.Culling.Editor.csproj", "{10E01BC4-6B57-A4D8-D6FA-182823045FF8}"
EndProject
Project("{FAE04EC0-301F-11D3-BF4B-00C04F79EFBC}") = "Assembly-CSharp-Editor", "Assembly-CSharp-Editor.csproj", "{CC8F3A50-2E93-2BFF-5AD0-295B933963F8}"
EndProject
Global
	GlobalSection(SolutionConfigurationPlatforms) = preSolution
		Debug|Any CPU = Debug|Any CPU
		Release|Any CPU = Release|Any CPU
	EndGlobalSection
	GlobalSection(ProjectConfigurationPlatforms) = postSolution
		{59337A49-A7C7-A0EB-CB5B-5A71449BDCE6}.Debug|Any CPU.ActiveCfg = Debug|Any CPU
		{59337A49-A7C7-A0EB-CB5B-5A71449BDCE6}.Debug|Any CPU.Build.0 = Debug|Any CPU
		{59337A49-A7C7-A0EB-CB5B-5A71449BDCE6}.Release|Any CPU.ActiveCfg = Release|Any CPU
		{59337A49-A7C7-A0EB-CB5B-5A71449BDCE6}.Release|Any CPU.Build.0 = Release|Any CPU
		{EB53ED75-CFC0-EAB0-49A2-86CBA4EBEA4A}.Debug|Any CPU.ActiveCfg = Debug|Any CPU
		{EB53ED75-CFC0-EAB0-49A2-86CBA4EBEA4A}.Debug|Any CPU.Build.0 = Debug|Any CPU
		{EB53ED75-CFC0-EAB0-49A2-86CBA4EBEA4A}.Release|Any CPU.ActiveCfg = Release|Any CPU
		{EB53ED75-CFC0-EAB0-49A2-86CBA4EBEA4A}.Release|Any CPU.Build.0 = Release|Any CPU
		{A91FC09F-F1A9-8157-6CA4-215CD721DFA2}.Debug|Any CPU.ActiveCfg = Debug|Any CPU
		{A91FC09F-F1A9-8157-6CA4-215CD721DFA2}.Debug|Any CPU.Build.0 = Debug|Any CPU
		{A91FC09F-F1A9-8157-6CA4-215CD721DFA2}.Release|Any CPU.ActiveCfg = Release|Any CPU
		{A91FC09F-F1A9-8157-6CA4-215CD721DFA2}.Release|Any CPU.Build.0 = Release|Any CPU
		{3ABBE510-61AE-AC2D-7618-9CD6BE1AB66A}.Debug|Any CPU.ActiveCfg = Debug|Any CPU
		{3ABBE510-61AE-AC2D-7618-9CD6BE1AB66A}.Debug|Any CPU.Build.0 = Debug|Any CPU
		{3ABBE510-61AE-AC2D-7618-9CD6BE1AB66A}.Release|Any CPU.ActiveCfg = Release|Any CPU
		{3ABBE510-61AE-AC2D-7618-9CD6BE1AB66A}.Release|Any CPU.Build.0 = Release|Any CPU
		{D94B17DD-C95A-78B2-8363-E5D4DDA6A052}.Debug|Any CPU.ActiveCfg = Debug|Any CPU
		{D94B17DD-C95A-78B2-8363-E5D4DDA6A052}.Debug|Any CPU.Build.0 = Debug|Any CPU
		{D94B17DD-C95A-78B2-8363-E5D4DDA6A052}.Release|Any CPU.ActiveCfg = Release|Any CPU
		{D94B17DD-C95A-78B2-8363-E5D4DDA6A052}.Release|Any CPU.Build.0 = Release|Any CPU
		{19C644DF-12A1-5693-413D-0C4C0EDEE856}.Debug|Any CPU.ActiveCfg = Debug|Any CPU
		{19C644DF-12A1-5693-413D-0C4C0EDEE856}.Debug|Any CPU.Build.0 = Debug|Any CPU
		{19C644DF-12A1-5693-413D-0C4C0EDEE856}.Release|Any CPU.ActiveCfg = Release|Any CPU
		{19C644DF-12A1-5693-413D-0C4C0EDEE856}.Release|Any CPU.Build.0 = Release|Any CPU
		{3A58E496-0702-2EF4-B679-DC838CEDDEA7}.Debug|Any CPU.ActiveCfg = Debug|Any CPU
		{3A58E496-0702-2EF4-B679-DC838CEDDEA7}.Debug|Any CPU.Build.0 = Debug|Any CPU
		{3A58E496-0702-2EF4-B679-DC838CEDDEA7}.Release|Any CPU.ActiveCfg = Release|Any CPU
		{3A58E496-0702-2EF4-B679-DC838CEDDEA7}.Release|Any CPU.Build.0 = Release|Any CPU
		{10E01BC4-6B57-A4D8-D6FA-182823045FF8}.Debug|Any CPU.ActiveCfg = Debug|Any CPU
		{10E01BC4-6B57-A4D8-D6FA-182823045FF8}.Debug|Any CPU.Build.0 = Debug|Any CPU
		{10E01BC4-6B57-A4D8-D6FA-182823045FF8}.Release|Any CPU.ActiveCfg = Release|Any CPU
		{10E01BC4-6B57-A4D8-D6FA-182823045FF8}.Release|Any CPU.Build.0 = Release|Any CPU
		{CC8F3A50-2E93-2BFF-5AD0-295B933963F8}.Debug|Any CPU.ActiveCfg = Debug|Any CPU
		{CC8F3A50-2E93-2BFF-5AD0-295B933963F8}.Debug|Any CPU.Build.0 = Debug|Any CPU
		{CC8F3A50-2E93-2BFF-5AD0-295B933963F8}.Release|Any CPU.ActiveCfg = Release|Any CPU
		{CC8F3A50-2E93-2BFF-5AD0-295B933963F8}.Release|Any CPU.Build.0 = Release|Any CPU
	EndGlobalSection
	GlobalSection(SolutionProperties) = preSolution
		HideSolutionNode = FALSE
	EndGlobalSection
EndGlobal
